// !$*UTF8*$!
{
	archiveVersion = 1;
	classes = {
	};
	objectVersion = 50;
	objects = {

/* Begin PBXBuildFile section */
		8631B17D2631AE2200E4B840 /* PostTableExtension.swift in Sources */ = {isa = PBXBuildFile; fileRef = 8631B17C2631AE2200E4B840 /* PostTableExtension.swift */; };
		8631B1812631AE3200E4B840 /* CommentTableExtension.swift in Sources */ = {isa = PBXBuildFile; fileRef = 8631B1802631AE3200E4B840 /* CommentTableExtension.swift */; };
		8631B1842631AE4400E4B840 /* PostCellCollectionExtension.swift in Sources */ = {isa = PBXBuildFile; fileRef = 8631B1832631AE4400E4B840 /* PostCellCollectionExtension.swift */; };
		8631B1872631C0D800E4B840 /* UIImageRoundExtension.swift in Sources */ = {isa = PBXBuildFile; fileRef = 8631B1862631C0D800E4B840 /* UIImageRoundExtension.swift */; };
		8652702726272EA40079F757 /* CustomCollectionCell.swift in Sources */ = {isa = PBXBuildFile; fileRef = 8652702626272EA40079F757 /* CustomCollectionCell.swift */; };
		86578BFD2626EB9500BCC467 /* AppDelegate.swift in Sources */ = {isa = PBXBuildFile; fileRef = 86578BFC2626EB9500BCC467 /* AppDelegate.swift */; };
		86578BFF2626EB9500BCC467 /* SceneDelegate.swift in Sources */ = {isa = PBXBuildFile; fileRef = 86578BFE2626EB9500BCC467 /* SceneDelegate.swift */; };
		86578C012626EB9500BCC467 /* PostViewController.swift in Sources */ = {isa = PBXBuildFile; fileRef = 86578C002626EB9500BCC467 /* PostViewController.swift */; };
		86578C042626EB9500BCC467 /* Main.storyboard in Resources */ = {isa = PBXBuildFile; fileRef = 86578C022626EB9500BCC467 /* Main.storyboard */; };
		86578C072626EB9500BCC467 /* HedgeHogTechTest.xcdatamodeld in Sources */ = {isa = PBXBuildFile; fileRef = 86578C052626EB9500BCC467 /* HedgeHogTechTest.xcdatamodeld */; };
		86578C092626EB9600BCC467 /* Assets.xcassets in Resources */ = {isa = PBXBuildFile; fileRef = 86578C082626EB9600BCC467 /* Assets.xcassets */; };
		86578C0C2626EB9600BCC467 /* LaunchScreen.storyboard in Resources */ = {isa = PBXBuildFile; fileRef = 86578C0A2626EB9600BCC467 /* LaunchScreen.storyboard */; };
		86578C1A2626F9EF00BCC467 /* CustomViewInsideCell.swift in Sources */ = {isa = PBXBuildFile; fileRef = 86578C192626F9EF00BCC467 /* CustomViewInsideCell.swift */; };
		86578C1D2626FB2100BCC467 /* CustomPostCell.swift in Sources */ = {isa = PBXBuildFile; fileRef = 86578C1C2626FB2100BCC467 /* CustomPostCell.swift */; };
		868AB53226285CD3005EC635 /* CommentsViewController.swift in Sources */ = {isa = PBXBuildFile; fileRef = 868AB53126285CD3005EC635 /* CommentsViewController.swift */; };
		868AB53526285D8B005EC635 /* CustomCommentsCell.swift in Sources */ = {isa = PBXBuildFile; fileRef = 868AB53426285D8B005EC635 /* CustomCommentsCell.swift */; };
		869307B22631C914007D4760 /* ConfigureCommentExtension.swift in Sources */ = {isa = PBXBuildFile; fileRef = 869307B12631C914007D4760 /* ConfigureCommentExtension.swift */; };
		869307B52631C9A2007D4760 /* ConfigurePostExtension.swift in Sources */ = {isa = PBXBuildFile; fileRef = 869307B42631C9A2007D4760 /* ConfigurePostExtension.swift */; };
		86931914262DCF7C0004D5C4 /* CustomImage.swift in Sources */ = {isa = PBXBuildFile; fileRef = 86931913262DCF7C0004D5C4 /* CustomImage.swift */; };
		86AFF923262AEE4700F998B4 /* PostsModel.swift in Sources */ = {isa = PBXBuildFile; fileRef = 86AFF922262AEE4700F998B4 /* PostsModel.swift */; };
		86AFF929262C64FF00F998B4 /* ActivityIndicator.swift in Sources */ = {isa = PBXBuildFile; fileRef = 86AFF928262C64FF00F998B4 /* ActivityIndicator.swift */; };
		86D18B03262C7A61009B2C6E /* CommentsModel.swift in Sources */ = {isa = PBXBuildFile; fileRef = 86D18B02262C7A61009B2C6E /* CommentsModel.swift */; };
/* End PBXBuildFile section */

/* Begin PBXFileReference section */
		8631B17C2631AE2200E4B840 /* PostTableExtension.swift */ = {isa = PBXFileReference; lastKnownFileType = sourcecode.swift; path = PostTableExtension.swift; sourceTree = "<group>"; };
		8631B1802631AE3200E4B840 /* CommentTableExtension.swift */ = {isa = PBXFileReference; lastKnownFileType = sourcecode.swift; path = CommentTableExtension.swift; sourceTree = "<group>"; };
		8631B1832631AE4400E4B840 /* PostCellCollectionExtension.swift */ = {isa = PBXFileReference; lastKnownFileType = sourcecode.swift; path = PostCellCollectionExtension.swift; sourceTree = "<group>"; };
		8631B1862631C0D800E4B840 /* UIImageRoundExtension.swift */ = {isa = PBXFileReference; lastKnownFileType = sourcecode.swift; path = UIImageRoundExtension.swift; sourceTree = "<group>"; };
		8652702626272EA40079F757 /* CustomCollectionCell.swift */ = {isa = PBXFileReference; lastKnownFileType = sourcecode.swift; path = CustomCollectionCell.swift; sourceTree = "<group>"; };
		86578BF92626EB9500BCC467 /* HedgeHogTechTest.app */ = {isa = PBXFileReference; explicitFileType = wrapper.application; includeInIndex = 0; path = HedgeHogTechTest.app; sourceTree = BUILT_PRODUCTS_DIR; };
		86578BFC2626EB9500BCC467 /* AppDelegate.swift */ = {isa = PBXFileReference; lastKnownFileType = sourcecode.swift; path = AppDelegate.swift; sourceTree = "<group>"; };
		86578BFE2626EB9500BCC467 /* SceneDelegate.swift */ = {isa = PBXFileReference; lastKnownFileType = sourcecode.swift; path = SceneDelegate.swift; sourceTree = "<group>"; };
		86578C002626EB9500BCC467 /* PostViewController.swift */ = {isa = PBXFileReference; lastKnownFileType = sourcecode.swift; path = PostViewController.swift; sourceTree = "<group>"; };
		86578C032626EB9500BCC467 /* Base */ = {isa = PBXFileReference; lastKnownFileType = file.storyboard; name = Base; path = Base.lproj/Main.storyboard; sourceTree = "<group>"; };
		86578C062626EB9500BCC467 /* HedgeHogTechTest.xcdatamodel */ = {isa = PBXFileReference; lastKnownFileType = wrapper.xcdatamodel; path = HedgeHogTechTest.xcdatamodel; sourceTree = "<group>"; };
		86578C082626EB9600BCC467 /* Assets.xcassets */ = {isa = PBXFileReference; lastKnownFileType = folder.assetcatalog; path = Assets.xcassets; sourceTree = "<group>"; };
		86578C0B2626EB9600BCC467 /* Base */ = {isa = PBXFileReference; lastKnownFileType = file.storyboard; name = Base; path = Base.lproj/LaunchScreen.storyboard; sourceTree = "<group>"; };
		86578C0D2626EB9600BCC467 /* Info.plist */ = {isa = PBXFileReference; lastKnownFileType = text.plist.xml; path = Info.plist; sourceTree = "<group>"; };
		86578C192626F9EF00BCC467 /* CustomViewInsideCell.swift */ = {isa = PBXFileReference; lastKnownFileType = sourcecode.swift; path = CustomViewInsideCell.swift; sourceTree = "<group>"; };
		86578C1C2626FB2100BCC467 /* CustomPostCell.swift */ = {isa = PBXFileReference; lastKnownFileType = sourcecode.swift; path = CustomPostCell.swift; sourceTree = "<group>"; };
		868AB53126285CD3005EC635 /* CommentsViewController.swift */ = {isa = PBXFileReference; lastKnownFileType = sourcecode.swift; path = CommentsViewController.swift; sourceTree = "<group>"; };
		868AB53426285D8B005EC635 /* CustomCommentsCell.swift */ = {isa = PBXFileReference; lastKnownFileType = sourcecode.swift; path = CustomCommentsCell.swift; sourceTree = "<group>"; };
		869307B12631C914007D4760 /* ConfigureCommentExtension.swift */ = {isa = PBXFileReference; lastKnownFileType = sourcecode.swift; path = ConfigureCommentExtension.swift; sourceTree = "<group>"; };
		869307B42631C9A2007D4760 /* ConfigurePostExtension.swift */ = {isa = PBXFileReference; lastKnownFileType = sourcecode.swift; path = ConfigurePostExtension.swift; sourceTree = "<group>"; };
		86931913262DCF7C0004D5C4 /* CustomImage.swift */ = {isa = PBXFileReference; lastKnownFileType = sourcecode.swift; path = CustomImage.swift; sourceTree = "<group>"; };
		86AFF922262AEE4700F998B4 /* PostsModel.swift */ = {isa = PBXFileReference; lastKnownFileType = sourcecode.swift; path = PostsModel.swift; sourceTree = "<group>"; };
		86AFF928262C64FF00F998B4 /* ActivityIndicator.swift */ = {isa = PBXFileReference; lastKnownFileType = sourcecode.swift; path = ActivityIndicator.swift; sourceTree = "<group>"; };
		86D18B02262C7A61009B2C6E /* CommentsModel.swift */ = {isa = PBXFileReference; lastKnownFileType = sourcecode.swift; path = CommentsModel.swift; sourceTree = "<group>"; };
/* End PBXFileReference section */

/* Begin PBXFrameworksBuildPhase section */
		86578BF62626EB9500BCC467 /* Frameworks */ = {
			isa = PBXFrameworksBuildPhase;
			buildActionMask = 2147483647;
			files = (
			);
			runOnlyForDeploymentPostprocessing = 0;
		};
/* End PBXFrameworksBuildPhase section */

/* Begin PBXGroup section */
		8631B17B2631ADF500E4B840 /* HelpExtension */ = {
			isa = PBXGroup;
			children = (
				8631B17C2631AE2200E4B840 /* PostTableExtension.swift */,
				8631B1802631AE3200E4B840 /* CommentTableExtension.swift */,
				8631B1832631AE4400E4B840 /* PostCellCollectionExtension.swift */,
				8631B1862631C0D800E4B840 /* UIImageRoundExtension.swift */,
				869307B12631C914007D4760 /* ConfigureCommentExtension.swift */,
				869307B42631C9A2007D4760 /* ConfigurePostExtension.swift */,
			);
			path = HelpExtension;
			sourceTree = "<group>";
		};
		86578BF02626EB9500BCC467 = {
			isa = PBXGroup;
			children = (
				86578BFB2626EB9500BCC467 /* HedgeHogTechTest */,
				86578BFA2626EB9500BCC467 /* Products */,
			);
			sourceTree = "<group>";
		};
		86578BFA2626EB9500BCC467 /* Products */ = {
			isa = PBXGroup;
			children = (
				86578BF92626EB9500BCC467 /* HedgeHogTechTest.app */,
			);
			name = Products;
			sourceTree = "<group>";
		};
		86578BFB2626EB9500BCC467 /* HedgeHogTechTest */ = {
			isa = PBXGroup;
			children = (
				8631B17B2631ADF500E4B840 /* HelpExtension */,
				868AB52F26285B64005EC635 /* Models */,
				868AB52D26285B3E005EC635 /* App */,
				868AB52B26285B0F005EC635 /* CustomElement */,
				868AB52C26285B2D005EC635 /* MainStoryboard */,
				868AB52A26285AF2005EC635 /* PostListCell */,
				868AB52926285AD6005EC635 /* Controller */,
				86578C082626EB9600BCC467 /* Assets.xcassets */,
				86578C0D2626EB9600BCC467 /* Info.plist */,
				86578C052626EB9500BCC467 /* HedgeHogTechTest.xcdatamodeld */,
			);
			path = HedgeHogTechTest;
			sourceTree = "<group>";
		};
		868AB52926285AD6005EC635 /* Controller */ = {
			isa = PBXGroup;
			children = (
				86578C002626EB9500BCC467 /* PostViewController.swift */,
				868AB53126285CD3005EC635 /* CommentsViewController.swift */,
			);
			path = Controller;
			sourceTree = "<group>";
		};
		868AB52A26285AF2005EC635 /* PostListCell */ = {
			isa = PBXGroup;
			children = (
				8652702626272EA40079F757 /* CustomCollectionCell.swift */,
				86578C1C2626FB2100BCC467 /* CustomPostCell.swift */,
				868AB53426285D8B005EC635 /* CustomCommentsCell.swift */,
			);
			path = PostListCell;
			sourceTree = "<group>";
		};
		868AB52B26285B0F005EC635 /* CustomElement */ = {
			isa = PBXGroup;
			children = (
				86578C192626F9EF00BCC467 /* CustomViewInsideCell.swift */,
				86931913262DCF7C0004D5C4 /* CustomImage.swift */,
			);
			path = CustomElement;
			sourceTree = "<group>";
		};
		868AB52C26285B2D005EC635 /* MainStoryboard */ = {
			isa = PBXGroup;
			children = (
				86578C0A2626EB9600BCC467 /* LaunchScreen.storyboard */,
				86578C022626EB9500BCC467 /* Main.storyboard */,
			);
			path = MainStoryboard;
			sourceTree = "<group>";
		};
		868AB52D26285B3E005EC635 /* App */ = {
			isa = PBXGroup;
			children = (
				86578BFC2626EB9500BCC467 /* AppDelegate.swift */,
				86578BFE2626EB9500BCC467 /* SceneDelegate.swift */,
			);
			name = App;
			sourceTree = "<group>";
		};
		868AB52F26285B64005EC635 /* Models */ = {
			isa = PBXGroup;
			children = (
				86AFF922262AEE4700F998B4 /* PostsModel.swift */,
				86D18B02262C7A61009B2C6E /* CommentsModel.swift */,
				86AFF928262C64FF00F998B4 /* ActivityIndicator.swift */,
			);
			path = Models;
			sourceTree = "<group>";
		};
/* End PBXGroup section */

/* Begin PBXNativeTarget section */
		86578BF82626EB9500BCC467 /* HedgeHogTechTest */ = {
			isa = PBXNativeTarget;
			buildConfigurationList = 86578C102626EB9600BCC467 /* Build configuration list for PBXNativeTarget "HedgeHogTechTest" */;
			buildPhases = (
				86578BF52626EB9500BCC467 /* Sources */,
				86578BF62626EB9500BCC467 /* Frameworks */,
				86578BF72626EB9500BCC467 /* Resources */,
			);
			buildRules = (
			);
			dependencies = (
			);
			name = HedgeHogTechTest;
			productName = HedgeHogTechTest;
			productReference = 86578BF92626EB9500BCC467 /* HedgeHogTechTest.app */;
			productType = "com.apple.product-type.application";
		};
/* End PBXNativeTarget section */

/* Begin PBXProject section */
		86578BF12626EB9500BCC467 /* Project object */ = {
			isa = PBXProject;
			attributes = {
				LastSwiftUpdateCheck = 1240;
				LastUpgradeCheck = 1240;
				TargetAttributes = {
					86578BF82626EB9500BCC467 = {
						CreatedOnToolsVersion = 12.4;
					};
				};
			};
			buildConfigurationList = 86578BF42626EB9500BCC467 /* Build configuration list for PBXProject "HedgeHogTechTest" */;
			compatibilityVersion = "Xcode 9.3";
			developmentRegion = en;
			hasScannedForEncodings = 0;
			knownRegions = (
				en,
				Base,
			);
			mainGroup = 86578BF02626EB9500BCC467;
			productRefGroup = 86578BFA2626EB9500BCC467 /* Products */;
			projectDirPath = "";
			projectRoot = "";
			targets = (
				86578BF82626EB9500BCC467 /* HedgeHogTechTest */,
			);
		};
/* End PBXProject section */

/* Begin PBXResourcesBuildPhase section */
		86578BF72626EB9500BCC467 /* Resources */ = {
			isa = PBXResourcesBuildPhase;
			buildActionMask = 2147483647;
			files = (
				86578C0C2626EB9600BCC467 /* LaunchScreen.storyboard in Resources */,
				86578C092626EB9600BCC467 /* Assets.xcassets in Resources */,
				86578C042626EB9500BCC467 /* Main.storyboard in Resources */,
			);
			runOnlyForDeploymentPostprocessing = 0;
		};
/* End PBXResourcesBuildPhase section */

/* Begin PBXSourcesBuildPhase section */
		86578BF52626EB9500BCC467 /* Sources */ = {
			isa = PBXSourcesBuildPhase;
			buildActionMask = 2147483647;
			files = (
				86AFF929262C64FF00F998B4 /* ActivityIndicator.swift in Sources */,
				8631B1842631AE4400E4B840 /* PostCellCollectionExtension.swift in Sources */,
				86578C072626EB9500BCC467 /* HedgeHogTechTest.xcdatamodeld in Sources */,
				86578C012626EB9500BCC467 /* PostViewController.swift in Sources */,
				86578C1A2626F9EF00BCC467 /* CustomViewInsideCell.swift in Sources */,
				86578C1D2626FB2100BCC467 /* CustomPostCell.swift in Sources */,
				868AB53226285CD3005EC635 /* CommentsViewController.swift in Sources */,
				86AFF923262AEE4700F998B4 /* PostsModel.swift in Sources */,
				86578BFD2626EB9500BCC467 /* AppDelegate.swift in Sources */,
				8631B1812631AE3200E4B840 /* CommentTableExtension.swift in Sources */,
				869307B22631C914007D4760 /* ConfigureCommentExtension.swift in Sources */,
				8631B1872631C0D800E4B840 /* UIImageRoundExtension.swift in Sources */,
				869307B52631C9A2007D4760 /* ConfigurePostExtension.swift in Sources */,
				8631B17D2631AE2200E4B840 /* PostTableExtension.swift in Sources */,
				868AB53526285D8B005EC635 /* CustomCommentsCell.swift in Sources */,
				86D18B03262C7A61009B2C6E /* CommentsModel.swift in Sources */,
				86931914262DCF7C0004D5C4 /* CustomImage.swift in Sources */,
				86578BFF2626EB9500BCC467 /* SceneDelegate.swift in Sources */,
				8652702726272EA40079F757 /* CustomCollectionCell.swift in Sources */,
			);
			runOnlyForDeploymentPostprocessing = 0;
		};
/* End PBXSourcesBuildPhase section */

/* Begin PBXVariantGroup section */
		86578C022626EB9500BCC467 /* Main.storyboard */ = {
			isa = PBXVariantGroup;
			children = (
				86578C032626EB9500BCC467 /* Base */,
			);
			name = Main.storyboard;
			sourceTree = "<group>";
		};
		86578C0A2626EB9600BCC467 /* LaunchScreen.storyboard */ = {
			isa = PBXVariantGroup;
			children = (
				86578C0B2626EB9600BCC467 /* Base */,
			);
			name = LaunchScreen.storyboard;
			sourceTree = "<group>";
		};
/* End PBXVariantGroup section */

/* Begin XCBuildConfiguration section */
		86578C0E2626EB9600BCC467 /* Debug */ = {
			isa = XCBuildConfiguration;
			buildSettings = {
				ALWAYS_SEARCH_USER_PATHS = NO;
				CLANG_ANALYZER_NONNULL = YES;
				CLANG_ANALYZER_NUMBER_OBJECT_CONVERSION = YES_AGGRESSIVE;
				CLANG_CXX_LANGUAGE_STANDARD = "gnu++14";
				CLANG_CXX_LIBRARY = "libc++";
				CLANG_ENABLE_MODULES = YES;
				CLANG_ENABLE_OBJC_ARC = YES;
				CLANG_ENABLE_OBJC_WEAK = YES;
				CLANG_WARN_BLOCK_CAPTURE_AUTORELEASING = YES;
				CLANG_WARN_BOOL_CONVERSION = YES;
				CLANG_WARN_COMMA = YES;
				CLANG_WARN_CONSTANT_CONVERSION = YES;
				CLANG_WARN_DEPRECATED_OBJC_IMPLEMENTATIONS = YES;
				CLANG_WARN_DIRECT_OBJC_ISA_USAGE = YES_ERROR;
				CLANG_WARN_DOCUMENTATION_COMMENTS = YES;
				CLANG_WARN_EMPTY_BODY = YES;
				CLANG_WARN_ENUM_CONVERSION = YES;
				CLANG_WARN_INFINITE_RECURSION = YES;
				CLANG_WARN_INT_CONVERSION = YES;
				CLANG_WARN_NON_LITERAL_NULL_CONVERSION = YES;
				CLANG_WARN_OBJC_IMPLICIT_RETAIN_SELF = YES;
				CLANG_WARN_OBJC_LITERAL_CONVERSION = YES;
				CLANG_WARN_OBJC_ROOT_CLASS = YES_ERROR;
				CLANG_WARN_QUOTED_INCLUDE_IN_FRAMEWORK_HEADER = YES;
				CLANG_WARN_RANGE_LOOP_ANALYSIS = YES;
				CLANG_WARN_STRICT_PROTOTYPES = YES;
				CLANG_WARN_SUSPICIOUS_MOVE = YES;
				CLANG_WARN_UNGUARDED_AVAILABILITY = YES_AGGRESSIVE;
				CLANG_WARN_UNREACHABLE_CODE = YES;
				CLANG_WARN__DUPLICATE_METHOD_MATCH = YES;
				COPY_PHASE_STRIP = NO;
				DEBUG_INFORMATION_FORMAT = dwarf;
				ENABLE_STRICT_OBJC_MSGSEND = YES;
				ENABLE_TESTABILITY = YES;
				GCC_C_LANGUAGE_STANDARD = gnu11;
				GCC_DYNAMIC_NO_PIC = NO;
				GCC_NO_COMMON_BLOCKS = YES;
				GCC_OPTIMIZATION_LEVEL = 0;
				GCC_PREPROCESSOR_DEFINITIONS = (
					"DEBUG=1",
					"$(inherited)",
				);
				GCC_WARN_64_TO_32_BIT_CONVERSION = YES;
				GCC_WARN_ABOUT_RETURN_TYPE = YES_ERROR;
				GCC_WARN_UNDECLARED_SELECTOR = YES;
				GCC_WARN_UNINITIALIZED_AUTOS = YES_AGGRESSIVE;
				GCC_WARN_UNUSED_FUNCTION = YES;
				GCC_WARN_UNUSED_VARIABLE = YES;
				IPHONEOS_DEPLOYMENT_TARGET = 14.4;
				MTL_ENABLE_DEBUG_INFO = INCLUDE_SOURCE;
				MTL_FAST_MATH = YES;
				ONLY_ACTIVE_ARCH = YES;
				SDKROOT = iphoneos;
				SWIFT_ACTIVE_COMPILATION_CONDITIONS = DEBUG;
				SWIFT_OPTIMIZATION_LEVEL = "-Onone";
			};
			name = Debug;
		};
		86578C0F2626EB9600BCC467 /* Release */ = {
			isa = XCBuildConfiguration;
			buildSettings = {
				ALWAYS_SEARCH_USER_PATHS = NO;
				CLANG_ANALYZER_NONNULL = YES;
				CLANG_ANALYZER_NUMBER_OBJECT_CONVERSION = YES_AGGRESSIVE;
				CLANG_CXX_LANGUAGE_STANDARD = "gnu++14";
				CLANG_CXX_LIBRARY = "libc++";
				CLANG_ENABLE_MODULES = YES;
				CLANG_ENABLE_OBJC_ARC = YES;
				CLANG_ENABLE_OBJC_WEAK = YES;
				CLANG_WARN_BLOCK_CAPTURE_AUTORELEASING = YES;
				CLANG_WARN_BOOL_CONVERSION = YES;
				CLANG_WARN_COMMA = YES;
				CLANG_WARN_CONSTANT_CONVERSION = YES;
				CLANG_WARN_DEPRECATED_OBJC_IMPLEMENTATIONS = YES;
				CLANG_WARN_DIRECT_OBJC_ISA_USAGE = YES_ERROR;
				CLANG_WARN_DOCUMENTATION_COMMENTS = YES;
				CLANG_WARN_EMPTY_BODY = YES;
				CLANG_WARN_ENUM_CONVERSION = YES;
				CLANG_WARN_INFINITE_RECURSION = YES;
				CLANG_WARN_INT_CONVERSION = YES;
				CLANG_WARN_NON_LITERAL_NULL_CONVERSION = YES;
				CLANG_WARN_OBJC_IMPLICIT_RETAIN_SELF = YES;
				CLANG_WARN_OBJC_LITERAL_CONVERSION = YES;
				CLANG_WARN_OBJC_ROOT_CLASS = YES_ERROR;
				CLANG_WARN_QUOTED_INCLUDE_IN_FRAMEWORK_HEADER = YES;
				CLANG_WARN_RANGE_LOOP_ANALYSIS = YES;
				CLANG_WARN_STRICT_PROTOTYPES = YES;
				CLANG_WARN_SUSPICIOUS_MOVE = YES;
				CLANG_WARN_UNGUARDED_AVAILABILITY = YES_AGGRESSIVE;
				CLANG_WARN_UNREACHABLE_CODE = YES;
				CLANG_WARN__DUPLICATE_METHOD_MATCH = YES;
				COPY_PHASE_STRIP = NO;
				DEBUG_INFORMATION_FORMAT = "dwarf-with-dsym";
				ENABLE_NS_ASSERTIONS = NO;
				ENABLE_STRICT_OBJC_MSGSEND = YES;
				GCC_C_LANGUAGE_STANDARD = gnu11;
				GCC_NO_COMMON_BLOCKS = YES;
				GCC_WARN_64_TO_32_BIT_CONVERSION = YES;
				GCC_WARN_ABOUT_RETURN_TYPE = YES_ERROR;
				GCC_WARN_UNDECLARED_SELECTOR = YES;
				GCC_WARN_UNINITIALIZED_AUTOS = YES_AGGRESSIVE;
				GCC_WARN_UNUSED_FUNCTION = YES;
				GCC_WARN_UNUSED_VARIABLE = YES;
				IPHONEOS_DEPLOYMENT_TARGET = 14.4;
				MTL_ENABLE_DEBUG_INFO = NO;
				MTL_FAST_MATH = YES;
				SDKROOT = iphoneos;
				SWIFT_COMPILATION_MODE = wholemodule;
				SWIFT_OPTIMIZATION_LEVEL = "-O";
				VALIDATE_PRODUCT = YES;
			};
			name = Release;
		};
		86578C112626EB9600BCC467 /* Debug */ = {
			isa = XCBuildConfiguration;
			buildSettings = {
				ASSETCATALOG_COMPILER_APPICON_NAME = AppIcon;
				ASSETCATALOG_COMPILER_GLOBAL_ACCENT_COLOR_NAME = AccentColor;
				CODE_SIGN_STYLE = Automatic;
				DEVELOPMENT_TEAM = 9W72JPTXKK;
				INFOPLIST_FILE = HedgeHogTechTest/Info.plist;
				LD_RUNPATH_SEARCH_PATHS = (
					"$(inherited)",
					"@executable_path/Frameworks",
				);
				PRODUCT_BUNDLE_IDENTIFIER = "Kashalot-Co.HedgeHogTechTest";
				PRODUCT_NAME = "$(TARGET_NAME)";
				SWIFT_VERSION = 5.0;
				TARGETED_DEVICE_FAMILY = 1;
			};
			name = Debug;
		};
		86578C122626EB9600BCC467 /* Release */ = {
			isa = XCBuildConfiguration;
			buildSettings = {
				ASSETCATALOG_COMPILER_APPICON_NAME = AppIcon;
				ASSETCATALOG_COMPILER_GLOBAL_ACCENT_COLOR_NAME = AccentColor;
				CODE_SIGN_STYLE = Automatic;
				DEVELOPMENT_TEAM = 9W72JPTXKK;
				INFOPLIST_FILE = HedgeHogTechTest/Info.plist;
				LD_RUNPATH_SEARCH_PATHS = (
					"$(inherited)",
					"@executable_path/Frameworks",
				);
				PRODUCT_BUNDLE_IDENTIFIER = "Kashalot-Co.HedgeHogTechTest";
				PRODUCT_NAME = "$(TARGET_NAME)";
				SWIFT_VERSION = 5.0;
				TARGETED_DEVICE_FAMILY = 1;
			};
			name = Release;
		};
/* End XCBuildConfiguration section */

/* Begin XCConfigurationList section */
		86578BF42626EB9500BCC467 /* Build configuration list for PBXProject "HedgeHogTechTest" */ = {
			isa = XCConfigurationList;
			buildConfigurations = (
				86578C0E2626EB9600BCC467 /* Debug */,
				86578C0F2626EB9600BCC467 /* Release */,
			);
			defaultConfigurationIsVisible = 0;
			defaultConfigurationName = Release;
		};
		86578C102626EB9600BCC467 /* Build configuration list for PBXNativeTarget "HedgeHogTechTest" */ = {
			isa = XCConfigurationList;
			buildConfigurations = (
				86578C112626EB9600BCC467 /* Debug */,
				86578C122626EB9600BCC467 /* Release */,
			);
			defaultConfigurationIsVisible = 0;
			defaultConfigurationName = Release;
		};
/* End XCConfigurationList section */

/* Begin XCVersionGroup section */
		86578C052626EB9500BCC467 /* HedgeHogTechTest.xcdatamodeld */ = {
			isa = XCVersionGroup;
			children = (
				86578C062626EB9500BCC467 /* HedgeHogTechTest.xcdatamodel */,
			);
			currentVersion = 86578C062626EB9500BCC467 /* HedgeHogTechTest.xcdatamodel */;
			path = HedgeHogTechTest.xcdatamodeld;
			sourceTree = "<group>";
			versionGroupType = wrapper.xcdatamodel;
		};
/* End XCVersionGroup section */
	};
	rootObject = 86578BF12626EB9500BCC467 /* Project object */;
}
